
Microsoft Visual Studio Solution File, Format Version 12.00
# Visual Studio 15
VisualStudioVersion = 15.0.27703.2018
MinimumVisualStudioVersion = 10.0.40219.1
Project("{FAE04EC0-301F-11D3-BF4B-00C04F79EFBC}") = "OPC_UA_Client.Android", "OPC_UA_Client\OPC_UA_Client.Android\OPC_UA_Client.Android.csproj", "{11ABF757-4C7F-4EFA-9A56-8278F0B2DBE6}"
EndProject
Project("{FAE04EC0-301F-11D3-BF4B-00C04F79EFBC}") = "OPC_UA_Client.iOS", "OPC_UA_Client\OPC_UA_Client.iOS\OPC_UA_Client.iOS.csproj", "{038DCC95-7F93-4B39-87B2-42287666D179}"
EndProject
Project("{FAE04EC0-301F-11D3-BF4B-00C04F79EFBC}") = "OPC_UA_Client", "OPC_UA_Client\OPC_UA_Client\OPC_UA_Client.csproj", "{CFE02469-CAF8-4B27-AFE4-B0C7FCEAA246}"
EndProject
Global
	GlobalSection(SolutionConfigurationPlatforms) = preSolution
		Ad-Hoc|Any CPU = Ad-Hoc|Any CPU
		Ad-Hoc|iPhone = Ad-Hoc|iPhone
		Ad-Hoc|iPhoneSimulator = Ad-Hoc|iPhoneSimulator
		AppStore|Any CPU = AppStore|Any CPU
		AppStore|iPhone = AppStore|iPhone
		AppStore|iPhoneSimulator = AppStore|iPhoneSimulator
		Debug|Any CPU = Debug|Any CPU
		Debug|iPhone = Debug|iPhone
		Debug|iPhoneSimulator = Debug|iPhoneSimulator
		Release|Any CPU = Release|Any CPU
		Release|iPhone = Release|iPhone
		Release|iPhoneSimulator = Release|iPhoneSimulator
	EndGlobalSection
	GlobalSection(ProjectConfigurationPlatforms) = postSolution
		{11ABF757-4C7F-4EFA-9A56-8278F0B2DBE6}.Ad-Hoc|Any CPU.ActiveCfg = Release|Any CPU
		{11ABF757-4C7F-4EFA-9A56-8278F0B2DBE6}.Ad-Hoc|Any CPU.Build.0 = Release|Any CPU
		{11ABF757-4C7F-4EFA-9A56-8278F0B2DBE6}.Ad-Hoc|Any CPU.Deploy.0 = Release|Any CPU
		{11ABF757-4C7F-4EFA-9A56-8278F0B2DBE6}.Ad-Hoc|iPhone.ActiveCfg = Release|Any CPU
		{11ABF757-4C7F-4EFA-9A56-8278F0B2DBE6}.Ad-Hoc|iPhone.Build.0 = Release|Any CPU
		{11ABF757-4C7F-4EFA-9A56-8278F0B2DBE6}.Ad-Hoc|iPhone.Deploy.0 = Release|Any CPU
		{11ABF757-4C7F-4EFA-9A56-8278F0B2DBE6}.Ad-Hoc|iPhoneSimulator.ActiveCfg = Release|Any CPU
		{11ABF757-4C7F-4EFA-9A56-8278F0B2DBE6}.Ad-Hoc|iPhoneSimulator.Build.0 = Release|Any CPU
		{11ABF757-4C7F-4EFA-9A56-8278F0B2DBE6}.Ad-Hoc|iPhoneSimulator.Deploy.0 = Release|Any CPU
		{11ABF757-4C7F-4EFA-9A56-8278F0B2DBE6}.AppStore|Any CPU.ActiveCfg = Release|Any CPU
		{11ABF757-4C7F-4EFA-9A56-8278F0B2DBE6}.AppStore|Any CPU.Build.0 = Release|Any CPU
		{11ABF757-4C7F-4EFA-9A56-8278F0B2DBE6}.AppStore|Any CPU.Deploy.0 = Release|Any CPU
		{11ABF757-4C7F-4EFA-9A56-8278F0B2DBE6}.AppStore|iPhone.ActiveCfg = Release|Any CPU
		{11ABF757-4C7F-4EFA-9A56-8278F0B2DBE6}.AppStore|iPhone.Build.0 = Release|Any CPU
		{11ABF757-4C7F-4EFA-9A56-8278F0B2DBE6}.AppStore|iPhone.Deploy.0 = Release|Any CPU
		{11ABF757-4C7F-4EFA-9A56-8278F0B2DBE6}.AppStore|iPhoneSimulator.ActiveCfg = Release|Any CPU
		{11ABF757-4C7F-4EFA-9A56-8278F0B2DBE6}.AppStore|iPhoneSimulator.Build.0 = Release|Any CPU
		{11ABF757-4C7F-4EFA-9A56-8278F0B2DBE6}.AppStore|iPhoneSimulator.Deploy.0 = Release|Any CPU
		{11ABF757-4C7F-4EFA-9A56-8278F0B2DBE6}.Debug|Any CPU.ActiveCfg = Debug|Any CPU
		{11ABF757-4C7F-4EFA-9A56-8278F0B2DBE6}.Debug|Any CPU.Build.0 = Debug|Any CPU
		{11ABF757-4C7F-4EFA-9A56-8278F0B2DBE6}.Debug|Any CPU.Deploy.0 = Debug|Any CPU
		{11ABF757-4C7F-4EFA-9A56-8278F0B2DBE6}.Debug|iPhone.ActiveCfg = Debug|Any CPU
		{11ABF757-4C7F-4EFA-9A56-8278F0B2DBE6}.Debug|iPhone.Build.0 = Debug|Any CPU
		{11ABF757-4C7F-4EFA-9A56-8278F0B2DBE6}.Debug|iPhone.Deploy.0 = Debug|Any CPU
		{11ABF757-4C7F-4EFA-9A56-8278F0B2DBE6}.Debug|iPhoneSimulator.ActiveCfg = Debug|Any CPU
		{11ABF757-4C7F-4EFA-9A56-8278F0B2DBE6}.Debug|iPhoneSimulator.Build.0 = Debug|Any CPU
		{11ABF757-4C7F-4EFA-9A56-8278F0B2DBE6}.Debug|iPhoneSimulator.Deploy.0 = Debug|Any CPU
		{11ABF757-4C7F-4EFA-9A56-8278F0B2DBE6}.Release|Any CPU.ActiveCfg = Release|Any CPU
		{11ABF757-4C7F-4EFA-9A56-8278F0B2DBE6}.Release|Any CPU.Build.0 = Release|Any CPU
		{11ABF757-4C7F-4EFA-9A56-8278F0B2DBE6}.Release|Any CPU.Deploy.0 = Release|Any CPU
		{11ABF757-4C7F-4EFA-9A56-8278F0B2DBE6}.Release|iPhone.ActiveCfg = Release|Any CPU
		{11ABF757-4C7F-4EFA-9A56-8278F0B2DBE6}.Release|iPhone.Build.0 = Release|Any CPU
		{11ABF757-4C7F-4EFA-9A56-8278F0B2DBE6}.Release|iPhone.Deploy.0 = Release|Any CPU
		{11ABF757-4C7F-4EFA-9A56-8278F0B2DBE6}.Release|iPhoneSimulator.ActiveCfg = Release|Any CPU
		{11ABF757-4C7F-4EFA-9A56-8278F0B2DBE6}.Release|iPhoneSimulator.Build.0 = Release|Any CPU
		{11ABF757-4C7F-4EFA-9A56-8278F0B2DBE6}.Release|iPhoneSimulator.Deploy.0 = Release|Any CPU
		{038DCC95-7F93-4B39-87B2-42287666D179}.Ad-Hoc|Any CPU.ActiveCfg = Ad-Hoc|iPhone
		{038DCC95-7F93-4B39-87B2-42287666D179}.Ad-Hoc|Any CPU.Build.0 = Ad-Hoc|iPhone
		{038DCC95-7F93-4B39-87B2-42287666D179}.Ad-Hoc|Any CPU.Deploy.0 = Ad-Hoc|iPhone
		{038DCC95-7F93-4B39-87B2-42287666D179}.Ad-Hoc|iPhone.ActiveCfg = Ad-Hoc|iPhone
		{038DCC95-7F93-4B39-87B2-42287666D179}.Ad-Hoc|iPhone.Build.0 = Ad-Hoc|iPhone
		{038DCC95-7F93-4B39-87B2-42287666D179}.Ad-Hoc|iPhone.Deploy.0 = Ad-Hoc|iPhone
		{038DCC95-7F93-4B39-87B2-42287666D179}.Ad-Hoc|iPhoneSimulator.ActiveCfg = Ad-Hoc|iPhoneSimulator
		{038DCC95-7F93-4B39-87B2-42287666D179}.Ad-Hoc|iPhoneSimulator.Build.0 = Ad-Hoc|iPhoneSimulator
		{038DCC95-7F93-4B39-87B2-42287666D179}.Ad-Hoc|iPhoneSimulator.Deploy.0 = Ad-Hoc|iPhoneSimulator
		{038DCC95-7F93-4B39-87B2-42287666D179}.AppStore|Any CPU.ActiveCfg = AppStore|iPhone
		{038DCC95-7F93-4B39-87B2-42287666D179}.AppStore|Any CPU.Build.0 = AppStore|iPhone
		{038DCC95-7F93-4B39-87B2-42287666D179}.AppStore|Any CPU.Deploy.0 = AppStore|iPhone
		{038DCC95-7F93-4B39-87B2-42287666D179}.AppStore|iPhone.ActiveCfg = AppStore|iPhone
		{038DCC95-7F93-4B39-87B2-42287666D179}.AppStore|iPhone.Build.0 = AppStore|iPhone
		{038DCC95-7F93-4B39-87B2-42287666D179}.AppStore|iPhone.Deploy.0 = AppStore|iPhone
		{038DCC95-7F93-4B39-87B2-42287666D179}.AppStore|iPhoneSimulator.ActiveCfg = AppStore|iPhoneSimulator
		{038DCC95-7F93-4B39-87B2-42287666D179}.AppStore|iPhoneSimulator.Build.0 = AppStore|iPhoneSimulator
		{038DCC95-7F93-4B39-87B2-42287666D179}.AppStore|iPhoneSimulator.Deploy.0 = AppStore|iPhoneSimulator
		{038DCC95-7F93-4B39-87B2-42287666D179}.Debug|Any CPU.ActiveCfg = Debug|iPhoneSimulator
		{038DCC95-7F93-4B39-87B2-42287666D179}.Debug|Any CPU.Build.0 = Debug|iPhoneSimulator
		{038DCC95-7F93-4B39-87B2-42287666D179}.Debug|Any CPU.Deploy.0 = Debug|iPhoneSimulator
		{038DCC95-7F93-4B39-87B2-42287666D179}.Debug|iPhone.ActiveCfg = Debug|iPhone
		{038DCC95-7F93-4B39-87B2-42287666D179}.Debug|iPhone.Build.0 = Debug|iPhone
		{038DCC95-7F93-4B39-87B2-42287666D179}.Debug|iPhone.Deploy.0 = Debug|iPhone
		{038DCC95-7F93-4B39-87B2-42287666D179}.Debug|iPhoneSimulator.ActiveCfg = Debug|iPhoneSimulator
		{038DCC95-7F93-4B39-87B2-42287666D179}.Debug|iPhoneSimulator.Build.0 = Debug|iPhoneSimulator
		{038DCC95-7F93-4B39-87B2-42287666D179}.Debug|iPhoneSimulator.Deploy.0 = Debug|iPhoneSimulator
		{038DCC95-7F93-4B39-87B2-42287666D179}.Release|Any CPU.ActiveCfg = Release|iPhone
		{038DCC95-7F93-4B39-87B2-42287666D179}.Release|Any CPU.Build.0 = Release|iPhone
		{038DCC95-7F93-4B39-87B2-42287666D179}.Release|Any CPU.Deploy.0 = Release|iPhone
		{038DCC95-7F93-4B39-87B2-42287666D179}.Release|iPhone.ActiveCfg = Release|iPhone
		{038DCC95-7F93-4B39-87B2-42287666D179}.Release|iPhone.Build.0 = Release|iPhone
		{038DCC95-7F93-4B39-87B2-42287666D179}.Release|iPhone.Deploy.0 = Release|iPhone
		{038DCC95-7F93-4B39-87B2-42287666D179}.Release|iPhoneSimulator.ActiveCfg = Release|iPhoneSimulator
		{038DCC95-7F93-4B39-87B2-42287666D179}.Release|iPhoneSimulator.Build.0 = Release|iPhoneSimulator
		{038DCC95-7F93-4B39-87B2-42287666D179}.Release|iPhoneSimulator.Deploy.0 = Release|iPhoneSimulator
		{CFE02469-CAF8-4B27-AFE4-B0C7FCEAA246}.Ad-Hoc|Any CPU.ActiveCfg = Debug|Any CPU
		{CFE02469-CAF8-4B27-AFE4-B0C7FCEAA246}.Ad-Hoc|Any CPU.Build.0 = Debug|Any CPU
		{CFE02469-CAF8-4B27-AFE4-B0C7FCEAA246}.Ad-Hoc|Any CPU.Deploy.0 = Debug|Any CPU
		{CFE02469-CAF8-4B27-AFE4-B0C7FCEAA246}.Ad-Hoc|iPhone.ActiveCfg = Debug|Any CPU
		{CFE02469-CAF8-4B27-AFE4-B0C7FCEAA246}.Ad-Hoc|iPhone.Build.0 = Debug|Any CPU
		{CFE02469-CAF8-4B27-AFE4-B0C7FCEAA246}.Ad-Hoc|iPhone.Deploy.0 = Debug|Any CPU
		{CFE02469-CAF8-4B27-AFE4-B0C7FCEAA246}.Ad-Hoc|iPhoneSimulator.ActiveCfg = Debug|Any CPU
		{CFE02469-CAF8-4B27-AFE4-B0C7FCEAA246}.Ad-Hoc|iPhoneSimulator.Build.0 = Debug|Any CPU
		{CFE02469-CAF8-4B27-AFE4-B0C7FCEAA246}.Ad-Hoc|iPhoneSimulator.Deploy.0 = Debug|Any CPU
		{CFE02469-CAF8-4B27-AFE4-B0C7FCEAA246}.AppStore|Any CPU.ActiveCfg = Debug|Any CPU
		{CFE02469-CAF8-4B27-AFE4-B0C7FCEAA246}.AppStore|Any CPU.Build.0 = Debug|Any CPU
		{CFE02469-CAF8-4B27-AFE4-B0C7FCEAA246}.AppStore|Any CPU.Deploy.0 = Debug|Any CPU
		{CFE02469-CAF8-4B27-AFE4-B0C7FCEAA246}.AppStore|iPhone.ActiveCfg = Debug|Any CPU
		{CFE02469-CAF8-4B27-AFE4-B0C7FCEAA246}.AppStore|iPhone.Build.0 = Debug|Any CPU
		{CFE02469-CAF8-4B27-AFE4-B0C7FCEAA246}.AppStore|iPhone.Deploy.0 = Debug|Any CPU
		{CFE02469-CAF8-4B27-AFE4-B0C7FCEAA246}.AppStore|iPhoneSimulator.ActiveCfg = Debug|Any CPU
		{CFE02469-CAF8-4B27-AFE4-B0C7FCEAA246}.AppStore|iPhoneSimulator.Build.0 = Debug|Any CPU
		{CFE02469-CAF8-4B27-AFE4-B0C7FCEAA246}.AppStore|iPhoneSimulator.Deploy.0 = Debug|Any CPU
		{CFE02469-CAF8-4B27-AFE4-B0C7FCEAA246}.Debug|Any CPU.ActiveCfg = Debug|Any CPU
		{CFE02469-CAF8-4B27-AFE4-B0C7FCEAA246}.Debug|Any CPU.Build.0 = Debug|Any CPU
		{CFE02469-CAF8-4B27-AFE4-B0C7FCEAA246}.Debug|Any CPU.Deploy.0 = Debug|Any CPU
		{CFE02469-CAF8-4B27-AFE4-B0C7FCEAA246}.Debug|iPhone.ActiveCfg = Debug|Any CPU
		{CFE02469-CAF8-4B27-AFE4-B0C7FCEAA246}.Debug|iPhone.Build.0 = Debug|Any CPU
		{CFE02469-CAF8-4B27-AFE4-B0C7FCEAA246}.Debug|iPhone.Deploy.0 = Debug|Any CPU
		{CFE02469-CAF8-4B27-AFE4-B0C7FCEAA246}.Debug|iPhoneSimulator.ActiveCfg = Debug|Any CPU
		{CFE02469-CAF8-4B27-AFE4-B0C7FCEAA246}.Debug|iPhoneSimulator.Build.0 = Debug|Any CPU
		{CFE02469-CAF8-4B27-AFE4-B0C7FCEAA246}.Debug|iPhoneSimulator.Deploy.0 = Debug|Any CPU
		{CFE02469-CAF8-4B27-AFE4-B0C7FCEAA246}.Release|Any CPU.ActiveCfg = Release|Any CPU
		{CFE02469-CAF8-4B27-AFE4-B0C7FCEAA246}.Release|Any CPU.Build.0 = Release|Any CPU
		{CFE02469-CAF8-4B27-AFE4-B0C7FCEAA246}.Release|Any CPU.Deploy.0 = Release|Any CPU
		{CFE02469-CAF8-4B27-AFE4-B0C7FCEAA246}.Release|iPhone.ActiveCfg = Release|Any CPU
		{CFE02469-CAF8-4B27-AFE4-B0C7FCEAA246}.Release|iPhone.Build.0 = Release|Any CPU
		{CFE02469-CAF8-4B27-AFE4-B0C7FCEAA246}.Release|iPhone.Deploy.0 = Release|Any CPU
		{CFE02469-CAF8-4B27-AFE4-B0C7FCEAA246}.Release|iPhoneSimulator.ActiveCfg = Release|Any CPU
		{CFE02469-CAF8-4B27-AFE4-B0C7FCEAA246}.Release|iPhoneSimulator.Build.0 = Release|Any CPU
		{CFE02469-CAF8-4B27-AFE4-B0C7FCEAA246}.Release|iPhoneSimulator.Deploy.0 = Release|Any CPU
	EndGlobalSection
	GlobalSection(SolutionProperties) = preSolution
		HideSolutionNode = FALSE
	EndGlobalSection
	GlobalSection(ExtensibilityGlobals) = postSolution
		SolutionGuid = {40FD149E-1E40-4CA6-B082-0AFE0D9B11CD}
	EndGlobalSection
EndGlobal
